
Microsoft Visual Studio Solution File, Format Version 12.00
# Visual Studio Version 17
VisualStudioVersion = 17.0.31903.59
MinimumVisualStudioVersion = 10.0.40219.1
Project("{FAE04EC0-301F-11D3-BF4B-00C04F79EFBC}") = "Chapter03-CSharp14", "Chapter03-CSharp14\Chapter03-CSharp14.csproj", "{8CCAA8B5-15B4-4D33-9DD8-5EA56185DD34}"
EndProject
Project("{FAE04EC0-301F-11D3-BF4B-00C04F79EFBC}") = "Chapter04-Console", "Chapter04-Console\Chapter04-Console.csproj", "{E154899E-6A98-412A-970F-5D81D322141A}"
EndProject
Project("{FAE04EC0-301F-11D3-BF4B-00C04F79EFBC}") = "Chapter05-WebApi", "Chapter05-WebApi\Chapter05-WebApi.csproj", "{F625C450-8826-4399-9128-1DE5108FDAE3}"
EndProject
Project("{FAE04EC0-301F-11D3-BF4B-00C04F79EFBC}") = "Chapter06-EfCore", "Chapter06-EfCore\Chapter06-EfCore.csproj", "{F1079144-B9C2-4E53-BBB0-A25C1ABCAC73}"
EndProject
Project("{FAE04EC0-301F-11D3-BF4B-00C04F79EFBC}") = "Chapter07-Blazor", "Chapter07-Blazor\Chapter07-Blazor.csproj", "{9FB1ADA6-F2DD-4B63-A23D-A2A828109744}"
EndProject
Project("{FAE04EC0-301F-11D3-BF4B-00C04F79EFBC}") = "Chapter10-MinimalApi", "Chapter10-MinimalApi\Chapter10-MinimalApi.csproj", "{457D231C-4B44-4EA7-AAF3-AE963D7D507A}"
EndProject
Project("{FAE04EC0-301F-11D3-BF4B-00C04F79EFBC}") = "Chapter08-FullStack", "Chapter08-FullStack\Chapter08-FullStack.csproj", "{6B59BC72-A900-4B0C-842A-539146342CBE}"
EndProject
Project("{FAE04EC0-301F-11D3-BF4B-00C04F79EFBC}") = "Chapter09-Maui", "Chapter09-Maui\Chapter09-Maui.csproj", "{165A87AB-E549-4E86-AC78-696238DCDB7F}"
EndProject
Global
	GlobalSection(SolutionConfigurationPlatforms) = preSolution
		Debug|Any CPU = Debug|Any CPU
		Debug|x64 = Debug|x64
		Debug|x86 = Debug|x86
		Release|Any CPU = Release|Any CPU
		Release|x64 = Release|x64
		Release|x86 = Release|x86
	EndGlobalSection
	GlobalSection(ProjectConfigurationPlatforms) = postSolution
		{8CCAA8B5-15B4-4D33-9DD8-5EA56185DD34}.Debug|Any CPU.ActiveCfg = Debug|Any CPU
		{8CCAA8B5-15B4-4D33-9DD8-5EA56185DD34}.Debug|Any CPU.Build.0 = Debug|Any CPU
		{8CCAA8B5-15B4-4D33-9DD8-5EA56185DD34}.Debug|x64.ActiveCfg = Debug|Any CPU
		{8CCAA8B5-15B4-4D33-9DD8-5EA56185DD34}.Debug|x64.Build.0 = Debug|Any CPU
		{8CCAA8B5-15B4-4D33-9DD8-5EA56185DD34}.Debug|x86.ActiveCfg = Debug|Any CPU
		{8CCAA8B5-15B4-4D33-9DD8-5EA56185DD34}.Debug|x86.Build.0 = Debug|Any CPU
		{8CCAA8B5-15B4-4D33-9DD8-5EA56185DD34}.Release|Any CPU.ActiveCfg = Release|Any CPU
		{8CCAA8B5-15B4-4D33-9DD8-5EA56185DD34}.Release|Any CPU.Build.0 = Release|Any CPU
		{8CCAA8B5-15B4-4D33-9DD8-5EA56185DD34}.Release|x64.ActiveCfg = Release|Any CPU
		{8CCAA8B5-15B4-4D33-9DD8-5EA56185DD34}.Release|x64.Build.0 = Release|Any CPU
		{8CCAA8B5-15B4-4D33-9DD8-5EA56185DD34}.Release|x86.ActiveCfg = Release|Any CPU
		{8CCAA8B5-15B4-4D33-9DD8-5EA56185DD34}.Release|x86.Build.0 = Release|Any CPU
		{E154899E-6A98-412A-970F-5D81D322141A}.Debug|Any CPU.ActiveCfg = Debug|Any CPU
		{E154899E-6A98-412A-970F-5D81D322141A}.Debug|Any CPU.Build.0 = Debug|Any CPU
		{E154899E-6A98-412A-970F-5D81D322141A}.Debug|x64.ActiveCfg = Debug|Any CPU
		{E154899E-6A98-412A-970F-5D81D322141A}.Debug|x64.Build.0 = Debug|Any CPU
		{E154899E-6A98-412A-970F-5D81D322141A}.Debug|x86.ActiveCfg = Debug|Any CPU
		{E154899E-6A98-412A-970F-5D81D322141A}.Debug|x86.Build.0 = Debug|Any CPU
		{E154899E-6A98-412A-970F-5D81D322141A}.Release|Any CPU.ActiveCfg = Release|Any CPU
		{E154899E-6A98-412A-970F-5D81D322141A}.Release|Any CPU.Build.0 = Release|Any CPU
		{E154899E-6A98-412A-970F-5D81D322141A}.Release|x64.ActiveCfg = Release|Any CPU
		{E154899E-6A98-412A-970F-5D81D322141A}.Release|x64.Build.0 = Release|Any CPU
		{E154899E-6A98-412A-970F-5D81D322141A}.Release|x86.ActiveCfg = Release|Any CPU
		{E154899E-6A98-412A-970F-5D81D322141A}.Release|x86.Build.0 = Release|Any CPU
		{F625C450-8826-4399-9128-1DE5108FDAE3}.Debug|Any CPU.ActiveCfg = Debug|Any CPU
		{F625C450-8826-4399-9128-1DE5108FDAE3}.Debug|Any CPU.Build.0 = Debug|Any CPU
		{F625C450-8826-4399-9128-1DE5108FDAE3}.Debug|x64.ActiveCfg = Debug|Any CPU
		{F625C450-8826-4399-9128-1DE5108FDAE3}.Debug|x64.Build.0 = Debug|Any CPU
		{F625C450-8826-4399-9128-1DE5108FDAE3}.Debug|x86.ActiveCfg = Debug|Any CPU
		{F625C450-8826-4399-9128-1DE5108FDAE3}.Debug|x86.Build.0 = Debug|Any CPU
		{F625C450-8826-4399-9128-1DE5108FDAE3}.Release|Any CPU.ActiveCfg = Release|Any CPU
		{F625C450-8826-4399-9128-1DE5108FDAE3}.Release|Any CPU.Build.0 = Release|Any CPU
		{F625C450-8826-4399-9128-1DE5108FDAE3}.Release|x64.ActiveCfg = Release|Any CPU
		{F625C450-8826-4399-9128-1DE5108FDAE3}.Release|x64.Build.0 = Release|Any CPU
		{F625C450-8826-4399-9128-1DE5108FDAE3}.Release|x86.ActiveCfg = Release|Any CPU
		{F625C450-8826-4399-9128-1DE5108FDAE3}.Release|x86.Build.0 = Release|Any CPU
		{F1079144-B9C2-4E53-BBB0-A25C1ABCAC73}.Debug|Any CPU.ActiveCfg = Debug|Any CPU
		{F1079144-B9C2-4E53-BBB0-A25C1ABCAC73}.Debug|Any CPU.Build.0 = Debug|Any CPU
		{F1079144-B9C2-4E53-BBB0-A25C1ABCAC73}.Debug|x64.ActiveCfg = Debug|Any CPU
		{F1079144-B9C2-4E53-BBB0-A25C1ABCAC73}.Debug|x64.Build.0 = Debug|Any CPU
		{F1079144-B9C2-4E53-BBB0-A25C1ABCAC73}.Debug|x86.ActiveCfg = Debug|Any CPU
		{F1079144-B9C2-4E53-BBB0-A25C1ABCAC73}.Debug|x86.Build.0 = Debug|Any CPU
		{F1079144-B9C2-4E53-BBB0-A25C1ABCAC73}.Release|Any CPU.ActiveCfg = Release|Any CPU
		{F1079144-B9C2-4E53-BBB0-A25C1ABCAC73}.Release|Any CPU.Build.0 = Release|Any CPU
		{F1079144-B9C2-4E53-BBB0-A25C1ABCAC73}.Release|x64.ActiveCfg = Release|Any CPU
		{F1079144-B9C2-4E53-BBB0-A25C1ABCAC73}.Release|x64.Build.0 = Release|Any CPU
		{F1079144-B9C2-4E53-BBB0-A25C1ABCAC73}.Release|x86.ActiveCfg = Release|Any CPU
		{F1079144-B9C2-4E53-BBB0-A25C1ABCAC73}.Release|x86.Build.0 = Release|Any CPU
		{9FB1ADA6-F2DD-4B63-A23D-A2A828109744}.Debug|Any CPU.ActiveCfg = Debug|Any CPU
		{9FB1ADA6-F2DD-4B63-A23D-A2A828109744}.Debug|Any CPU.Build.0 = Debug|Any CPU
		{9FB1ADA6-F2DD-4B63-A23D-A2A828109744}.Debug|x64.ActiveCfg = Debug|Any CPU
		{9FB1ADA6-F2DD-4B63-A23D-A2A828109744}.Debug|x64.Build.0 = Debug|Any CPU
		{9FB1ADA6-F2DD-4B63-A23D-A2A828109744}.Debug|x86.ActiveCfg = Debug|Any CPU
		{9FB1ADA6-F2DD-4B63-A23D-A2A828109744}.Debug|x86.Build.0 = Debug|Any CPU
		{9FB1ADA6-F2DD-4B63-A23D-A2A828109744}.Release|Any CPU.ActiveCfg = Release|Any CPU
		{9FB1ADA6-F2DD-4B63-A23D-A2A828109744}.Release|Any CPU.Build.0 = Release|Any CPU
		{9FB1ADA6-F2DD-4B63-A23D-A2A828109744}.Release|x64.ActiveCfg = Release|Any CPU
		{9FB1ADA6-F2DD-4B63-A23D-A2A828109744}.Release|x64.Build.0 = Release|Any CPU
		{9FB1ADA6-F2DD-4B63-A23D-A2A828109744}.Release|x86.ActiveCfg = Release|Any CPU
		{9FB1ADA6-F2DD-4B63-A23D-A2A828109744}.Release|x86.Build.0 = Release|Any CPU
		{457D231C-4B44-4EA7-AAF3-AE963D7D507A}.Debug|Any CPU.ActiveCfg = Debug|Any CPU
		{457D231C-4B44-4EA7-AAF3-AE963D7D507A}.Debug|Any CPU.Build.0 = Debug|Any CPU
		{457D231C-4B44-4EA7-AAF3-AE963D7D507A}.Debug|x64.ActiveCfg = Debug|Any CPU
		{457D231C-4B44-4EA7-AAF3-AE963D7D507A}.Debug|x64.Build.0 = Debug|Any CPU
		{457D231C-4B44-4EA7-AAF3-AE963D7D507A}.Debug|x86.ActiveCfg = Debug|Any CPU
		{457D231C-4B44-4EA7-AAF3-AE963D7D507A}.Debug|x86.Build.0 = Debug|Any CPU
		{457D231C-4B44-4EA7-AAF3-AE963D7D507A}.Release|Any CPU.ActiveCfg = Release|Any CPU
		{457D231C-4B44-4EA7-AAF3-AE963D7D507A}.Release|Any CPU.Build.0 = Release|Any CPU
		{457D231C-4B44-4EA7-AAF3-AE963D7D507A}.Release|x64.ActiveCfg = Release|Any CPU
		{457D231C-4B44-4EA7-AAF3-AE963D7D507A}.Release|x64.Build.0 = Release|Any CPU
		{457D231C-4B44-4EA7-AAF3-AE963D7D507A}.Release|x86.ActiveCfg = Release|Any CPU
		{457D231C-4B44-4EA7-AAF3-AE963D7D507A}.Release|x86.Build.0 = Release|Any CPU
		{6B59BC72-A900-4B0C-842A-539146342CBE}.Debug|Any CPU.ActiveCfg = Debug|Any CPU
		{6B59BC72-A900-4B0C-842A-539146342CBE}.Debug|Any CPU.Build.0 = Debug|Any CPU
		{6B59BC72-A900-4B0C-842A-539146342CBE}.Debug|x64.ActiveCfg = Debug|Any CPU
		{6B59BC72-A900-4B0C-842A-539146342CBE}.Debug|x64.Build.0 = Debug|Any CPU
		{6B59BC72-A900-4B0C-842A-539146342CBE}.Debug|x86.ActiveCfg = Debug|Any CPU
		{6B59BC72-A900-4B0C-842A-539146342CBE}.Debug|x86.Build.0 = Debug|Any CPU
		{6B59BC72-A900-4B0C-842A-539146342CBE}.Release|Any CPU.ActiveCfg = Release|Any CPU
		{6B59BC72-A900-4B0C-842A-539146342CBE}.Release|Any CPU.Build.0 = Release|Any CPU
		{6B59BC72-A900-4B0C-842A-539146342CBE}.Release|x64.ActiveCfg = Release|Any CPU
		{6B59BC72-A900-4B0C-842A-539146342CBE}.Release|x64.Build.0 = Release|Any CPU
		{6B59BC72-A900-4B0C-842A-539146342CBE}.Release|x86.ActiveCfg = Release|Any CPU
		{6B59BC72-A900-4B0C-842A-539146342CBE}.Release|x86.Build.0 = Release|Any CPU
		{165A87AB-E549-4E86-AC78-696238DCDB7F}.Debug|Any CPU.ActiveCfg = Debug|Any CPU
		{165A87AB-E549-4E86-AC78-696238DCDB7F}.Debug|Any CPU.Build.0 = Debug|Any CPU
		{165A87AB-E549-4E86-AC78-696238DCDB7F}.Debug|x64.ActiveCfg = Debug|Any CPU
		{165A87AB-E549-4E86-AC78-696238DCDB7F}.Debug|x64.Build.0 = Debug|Any CPU
		{165A87AB-E549-4E86-AC78-696238DCDB7F}.Debug|x86.ActiveCfg = Debug|Any CPU
		{165A87AB-E549-4E86-AC78-696238DCDB7F}.Debug|x86.Build.0 = Debug|Any CPU
		{165A87AB-E549-4E86-AC78-696238DCDB7F}.Release|Any CPU.ActiveCfg = Release|Any CPU
		{165A87AB-E549-4E86-AC78-696238DCDB7F}.Release|Any CPU.Build.0 = Release|Any CPU
		{165A87AB-E549-4E86-AC78-696238DCDB7F}.Release|x64.ActiveCfg = Release|Any CPU
		{165A87AB-E549-4E86-AC78-696238DCDB7F}.Release|x64.Build.0 = Release|Any CPU
		{165A87AB-E549-4E86-AC78-696238DCDB7F}.Release|x86.ActiveCfg = Release|Any CPU
		{165A87AB-E549-4E86-AC78-696238DCDB7F}.Release|x86.Build.0 = Release|Any CPU
	EndGlobalSection
	GlobalSection(SolutionProperties) = preSolution
		HideSolutionNode = FALSE
	EndGlobalSection
EndGlobal
